
Microsoft Visual Studio Solution File, Format Version 12.00
Project("{FAE04EC0-301F-11D3-BF4B-00C04F79EFBC}") = "Demo", "Demo\Demo.csproj", "{7099BDED-BBD1-459F-BBE7-2D1DD10BC635}"
EndProject
Global
	GlobalSection(SolutionConfigurationPlatforms) = preSolution
		Debug|Any CPU = Debug|Any CPU
	EndGlobalSection
	GlobalSection(ProjectConfigurationPlatforms) = postSolution
		{7099BDED-BBD1-459F-BBE7-2D1DD10BC635}.Debug|Any CPU.ActiveCfg = Debug|Any CPU
		{7099BDED-BBD1-459F-BBE7-2D1DD10BC635}.Debug|Any CPU.Build.0 = Debug|Any CPU
	EndGlobalSection
EndGlobal
